// !$*UTF8*$!
{
	archiveVersion = 1;
	classes = {
	};
	objectVersion = 77;
	objects = {

/* Begin PBXBuildFile section */
		4080484A2F55A457000F4F32 /* ContentView.swift in Sources */ = {isa = PBXBuildFile; fileRef = 408048472F55A457000F4F32 /* ContentView.swift */; };
		4080484B2F55A457000F4F32 /* navigation_demo_swiftuiApp.swift in Sources */ = {isa = PBXBuildFile; fileRef = 408048482F55A457000F4F32 /* navigation_demo_swiftuiApp.swift */; };
		4080484C2F55A457000F4F32 /* Assets.xcassets in Resources */ = {isa = PBXBuildFile; fileRef = 408048462F55A457000F4F32 /* Assets.xcassets */; };
		408048502F55A47F000F4F32 /* ListView.swift in Sources */ = {isa = PBXBuildFile; fileRef = 4080484F2F55A47F000F4F32 /* ListView.swift */; };
		408048522F55A4A5000F4F32 /* SettingsView.swift in Sources */ = {isa = PBXBuildFile; fileRef = 408048512F55A4A5000F4F32 /* SettingsView.swift */; };
		4080485B2F55A849000F4F32 /* FoodItem.swift in Sources */ = {isa = PBXBuildFile; fileRef = 4080485A2F55A849000F4F32 /* FoodItem.swift */; };
		4080485D2F55A85B000F4F32 /* RowView.swift in Sources */ = {isa = PBXBuildFile; fileRef = 4080485C2F55A85B000F4F32 /* RowView.swift */; };
		4080485F2F55A8E8000F4F32 /* DetailView.swift in Sources */ = {isa = PBXBuildFile; fileRef = 4080485E2F55A8E8000F4F32 /* DetailView.swift */; };
/* End PBXBuildFile section */

/* Begin PBXContainerItemProxy section */
		4080482A2F55A2B9000F4F32 /* PBXContainerItemProxy */ = {
			isa = PBXContainerItemProxy;
			containerPortal = 408048142F55A2B6000F4F32 /* Project object */;
			proxyType = 1;
			remoteGlobalIDString = 4080481B2F55A2B6000F4F32;
			remoteInfo = "navigation-demo-swiftui";
		};
		408048342F55A2B9000F4F32 /* PBXContainerItemProxy */ = {
			isa = PBXContainerItemProxy;
			containerPortal = 408048142F55A2B6000F4F32 /* Project object */;
			proxyType = 1;
			remoteGlobalIDString = 4080481B2F55A2B6000F4F32;
			remoteInfo = "navigation-demo-swiftui";
		};
/* End PBXContainerItemProxy section */

/* Begin PBXFileReference section */
		4080481C2F55A2B6000F4F32 /* navigation-demo-swiftui.app */ = {isa = PBXFileReference; explicitFileType = wrapper.application; includeInIndex = 0; path = "navigation-demo-swiftui.app"; sourceTree = BUILT_PRODUCTS_DIR; };
		408048292F55A2B9000F4F32 /* navigation-demo-swiftuiTests.xctest */ = {isa = PBXFileReference; explicitFileType = wrapper.cfbundle; includeInIndex = 0; path = "navigation-demo-swiftuiTests.xctest"; sourceTree = BUILT_PRODUCTS_DIR; };
		408048332F55A2B9000F4F32 /* navigation-demo-swiftuiUITests.xctest */ = {isa = PBXFileReference; explicitFileType = wrapper.cfbundle; includeInIndex = 0; path = "navigation-demo-swiftuiUITests.xctest"; sourceTree = BUILT_PRODUCTS_DIR; };
		408048462F55A457000F4F32 /* Assets.xcassets */ = {isa = PBXFileReference; lastKnownFileType = folder.assetcatalog; path = Assets.xcassets; sourceTree = "<group>"; };
		408048472F55A457000F4F32 /* ContentView.swift */ = {isa = PBXFileReference; lastKnownFileType = sourcecode.swift; path = ContentView.swift; sourceTree = "<group>"; };
		408048482F55A457000F4F32 /* navigation_demo_swiftuiApp.swift */ = {isa = PBXFileReference; lastKnownFileType = sourcecode.swift; path = navigation_demo_swiftuiApp.swift; sourceTree = "<group>"; };
		4080484F2F55A47F000F4F32 /* ListView.swift */ = {isa = PBXFileReference; lastKnownFileType = sourcecode.swift; path = ListView.swift; sourceTree = "<group>"; };
		408048512F55A4A5000F4F32 /* SettingsView.swift */ = {isa = PBXFileReference; lastKnownFileType = sourcecode.swift; path = SettingsView.swift; sourceTree = "<group>"; };
		4080485A2F55A849000F4F32 /* FoodItem.swift */ = {isa = PBXFileReference; lastKnownFileType = sourcecode.swift; path = FoodItem.swift; sourceTree = "<group>"; };
		4080485C2F55A85B000F4F32 /* RowView.swift */ = {isa = PBXFileReference; lastKnownFileType = sourcecode.swift; path = RowView.swift; sourceTree = "<group>"; };
		4080485E2F55A8E8000F4F32 /* DetailView.swift */ = {isa = PBXFileReference; lastKnownFileType = sourcecode.swift; path = DetailView.swift; sourceTree = "<group>"; };
/* End PBXFileReference section */

/* Begin PBXFileSystemSynchronizedRootGroup section */
		4080482C2F55A2B9000F4F32 /* navigation-demo-swiftuiTests */ = {
			isa = PBXFileSystemSynchronizedRootGroup;
			path = "navigation-demo-swiftuiTests";
			sourceTree = "<group>";
		};
		408048362F55A2B9000F4F32 /* navigation-demo-swiftuiUITests */ = {
			isa = PBXFileSystemSynchronizedRootGroup;
			path = "navigation-demo-swiftuiUITests";
			sourceTree = "<group>";
		};
/* End PBXFileSystemSynchronizedRootGroup section */

/* Begin PBXFrameworksBuildPhase section */
		408048192F55A2B6000F4F32 /* Frameworks */ = {
			isa = PBXFrameworksBuildPhase;
			buildActionMask = 2147483647;
			files = (
			);
			runOnlyForDeploymentPostprocessing = 0;
		};
		408048262F55A2B9000F4F32 /* Frameworks */ = {
			isa = PBXFrameworksBuildPhase;
			buildActionMask = 2147483647;
			files = (
			);
			runOnlyForDeploymentPostprocessing = 0;
		};
		408048302F55A2B9000F4F32 /* Frameworks */ = {
			isa = PBXFrameworksBuildPhase;
			buildActionMask = 2147483647;
			files = (
			);
			runOnlyForDeploymentPostprocessing = 0;
		};
/* End PBXFrameworksBuildPhase section */

/* Begin PBXGroup section */
		408048132F55A2B6000F4F32 = {
			isa = PBXGroup;
			children = (
				408048492F55A457000F4F32 /* navigation-demo-swiftui */,
				4080482C2F55A2B9000F4F32 /* navigation-demo-swiftuiTests */,
				408048362F55A2B9000F4F32 /* navigation-demo-swiftuiUITests */,
				4080481D2F55A2B6000F4F32 /* Products */,
			);
			sourceTree = "<group>";
		};
		4080481D2F55A2B6000F4F32 /* Products */ = {
			isa = PBXGroup;
			children = (
				4080481C2F55A2B6000F4F32 /* navigation-demo-swiftui.app */,
				408048292F55A2B9000F4F32 /* navigation-demo-swiftuiTests.xctest */,
				408048332F55A2B9000F4F32 /* navigation-demo-swiftuiUITests.xctest */,
			);
			name = Products;
			sourceTree = "<group>";
		};
		408048492F55A457000F4F32 /* navigation-demo-swiftui */ = {
			isa = PBXGroup;
			children = (
				408048482F55A457000F4F32 /* navigation_demo_swiftuiApp.swift */,
				408048472F55A457000F4F32 /* ContentView.swift */,
				408048592F55A83F000F4F32 /* Models */,
				4080484E2F55A46D000F4F32 /* Views */,
				4080484D2F55A45E000F4F32 /* Recources */,
			);
			path = "navigation-demo-swiftui";
			sourceTree = "<group>";
		};
		4080484D2F55A45E000F4F32 /* Recources */ = {
			isa = PBXGroup;
			children = (
				408048462F55A457000F4F32 /* Assets.xcassets */,
			);
			path = Recources;
			sourceTree = "<group>";
		};
		4080484E2F55A46D000F4F32 /* Views */ = {
			isa = PBXGroup;
			children = (
				4080484F2F55A47F000F4F32 /* ListView.swift */,
				4080485E2F55A8E8000F4F32 /* DetailView.swift */,
				4080485C2F55A85B000F4F32 /* RowView.swift */,
				408048602F55A8F3000F4F32 /* Settings */,
			);
			path = Views;
			sourceTree = "<group>";
		};
		408048592F55A83F000F4F32 /* Models */ = {
			isa = PBXGroup;
			children = (
				4080485A2F55A849000F4F32 /* FoodItem.swift */,
			);
			path = Models;
			sourceTree = "<group>";
		};
		408048602F55A8F3000F4F32 /* Settings */ = {
			isa = PBXGroup;
			children = (
				408048512F55A4A5000F4F32 /* SettingsView.swift */,
			);
			path = Settings;
			sourceTree = "<group>";
		};
/* End PBXGroup section */

/* Begin PBXNativeTarget section */
		4080481B2F55A2B6000F4F32 /* navigation-demo-swiftui */ = {
			isa = PBXNativeTarget;
			buildConfigurationList = 4080483D2F55A2B9000F4F32 /* Build configuration list for PBXNativeTarget "navigation-demo-swiftui" */;
			buildPhases = (
				408048182F55A2B6000F4F32 /* Sources */,
				408048192F55A2B6000F4F32 /* Frameworks */,
				4080481A2F55A2B6000F4F32 /* Resources */,
			);
			buildRules = (
			);
			dependencies = (
			);
			name = "navigation-demo-swiftui";
			packageProductDependencies = (
			);
			productName = "navigation-demo-swiftui";
			productReference = 4080481C2F55A2B6000F4F32 /* navigation-demo-swiftui.app */;
			productType = "com.apple.product-type.application";
		};
		408048282F55A2B9000F4F32 /* navigation-demo-swiftuiTests */ = {
			isa = PBXNativeTarget;
			buildConfigurationList = 408048402F55A2B9000F4F32 /* Build configuration list for PBXNativeTarget "navigation-demo-swiftuiTests" */;
			buildPhases = (
				408048252F55A2B9000F4F32 /* Sources */,
				408048262F55A2B9000F4F32 /* Frameworks */,
				408048272F55A2B9000F4F32 /* Resources */,
			);
			buildRules = (
			);
			dependencies = (
				4080482B2F55A2B9000F4F32 /* PBXTargetDependency */,
			);
			fileSystemSynchronizedGroups = (
				4080482C2F55A2B9000F4F32 /* navigation-demo-swiftuiTests */,
			);
			name = "navigation-demo-swiftuiTests";
			packageProductDependencies = (
			);
			productName = "navigation-demo-swiftuiTests";
			productReference = 408048292F55A2B9000F4F32 /* navigation-demo-swiftuiTests.xctest */;
			productType = "com.apple.product-type.bundle.unit-test";
		};
		408048322F55A2B9000F4F32 /* navigation-demo-swiftuiUITests */ = {
			isa = PBXNativeTarget;
			buildConfigurationList = 408048432F55A2B9000F4F32 /* Build configuration list for PBXNativeTarget "navigation-demo-swiftuiUITests" */;
			buildPhases = (
				4080482F2F55A2B9000F4F32 /* Sources */,
				408048302F55A2B9000F4F32 /* Frameworks */,
				408048312F55A2B9000F4F32 /* Resources */,
			);
			buildRules = (
			);
			dependencies = (
				408048352F55A2B9000F4F32 /* PBXTargetDependency */,
			);
			fileSystemSynchronizedGroups = (
				408048362F55A2B9000F4F32 /* navigation-demo-swiftuiUITests */,
			);
			name = "navigation-demo-swiftuiUITests";
			packageProductDependencies = (
			);
			productName = "navigation-demo-swiftuiUITests";
			productReference = 408048332F55A2B9000F4F32 /* navigation-demo-swiftuiUITests.xctest */;
			productType = "com.apple.product-type.bundle.ui-testing";
		};
/* End PBXNativeTarget section */

/* Begin PBXProject section */
		408048142F55A2B6000F4F32 /* Project object */ = {
			isa = PBXProject;
			attributes = {
				BuildIndependentTargetsInParallel = 1;
				LastSwiftUpdateCheck = 2630;
				LastUpgradeCheck = 2630;
				TargetAttributes = {
					4080481B2F55A2B6000F4F32 = {
						CreatedOnToolsVersion = 26.3;
					};
					408048282F55A2B9000F4F32 = {
						CreatedOnToolsVersion = 26.3;
						TestTargetID = 4080481B2F55A2B6000F4F32;
					};
					408048322F55A2B9000F4F32 = {
						CreatedOnToolsVersion = 26.3;
						TestTargetID = 4080481B2F55A2B6000F4F32;
					};
				};
			};
			buildConfigurationList = 408048172F55A2B6000F4F32 /* Build configuration list for PBXProject "navigation-demo-swiftui" */;
			developmentRegion = en;
			hasScannedForEncodings = 0;
			knownRegions = (
				en,
				Base,
			);
			mainGroup = 408048132F55A2B6000F4F32;
			minimizedProjectReferenceProxies = 1;
			preferredProjectObjectVersion = 77;
			productRefGroup = 4080481D2F55A2B6000F4F32 /* Products */;
			projectDirPath = "";
			projectRoot = "";
			targets = (
				4080481B2F55A2B6000F4F32 /* navigation-demo-swiftui */,
				408048282F55A2B9000F4F32 /* navigation-demo-swiftuiTests */,
				408048322F55A2B9000F4F32 /* navigation-demo-swiftuiUITests */,
			);
		};
/* End PBXProject section */

/* Begin PBXResourcesBuildPhase section */
		4080481A2F55A2B6000F4F32 /* Resources */ = {
			isa = PBXResourcesBuildPhase;
			buildActionMask = 2147483647;
			files = (
				4080484C2F55A457000F4F32 /* Assets.xcassets in Resources */,
			);
			runOnlyForDeploymentPostprocessing = 0;
		};
		408048272F55A2B9000F4F32 /* Resources */ = {
			isa = PBXResourcesBuildPhase;
			buildActionMask = 2147483647;
			files = (
			);
			runOnlyForDeploymentPostprocessing = 0;
		};
		408048312F55A2B9000F4F32 /* Resources */ = {
			isa = PBXResourcesBuildPhase;
			buildActionMask = 2147483647;
			files = (
			);
			runOnlyForDeploymentPostprocessing = 0;
		};
/* End PBXResourcesBuildPhase section */

/* Begin PBXSourcesBuildPhase section */
		408048182F55A2B6000F4F32 /* Sources */ = {
			isa = PBXSourcesBuildPhase;
			buildActionMask = 2147483647;
			files = (
				4080484A2F55A457000F4F32 /* ContentView.swift in Sources */,
				4080485D2F55A85B000F4F32 /* RowView.swift in Sources */,
				408048522F55A4A5000F4F32 /* SettingsView.swift in Sources */,
				4080485F2F55A8E8000F4F32 /* DetailView.swift in Sources */,
				4080484B2F55A457000F4F32 /* navigation_demo_swiftuiApp.swift in Sources */,
				408048502F55A47F000F4F32 /* ListView.swift in Sources */,
				4080485B2F55A849000F4F32 /* FoodItem.swift in Sources */,
			);
			runOnlyForDeploymentPostprocessing = 0;
		};
		408048252F55A2B9000F4F32 /* Sources */ = {
			isa = PBXSourcesBuildPhase;
			buildActionMask = 2147483647;
			files = (
			);
			runOnlyForDeploymentPostprocessing = 0;
		};
		4080482F2F55A2B9000F4F32 /* Sources */ = {
			isa = PBXSourcesBuildPhase;
			buildActionMask = 2147483647;
			files = (
			);
			runOnlyForDeploymentPostprocessing = 0;
		};
/* End PBXSourcesBuildPhase section */

/* Begin PBXTargetDependency section */
		4080482B2F55A2B9000F4F32 /* PBXTargetDependency */ = {
			isa = PBXTargetDependency;
			target = 4080481B2F55A2B6000F4F32 /* navigation-demo-swiftui */;
			targetProxy = 4080482A2F55A2B9000F4F32 /* PBXContainerItemProxy */;
		};
		408048352F55A2B9000F4F32 /* PBXTargetDependency */ = {
			isa = PBXTargetDependency;
			target = 4080481B2F55A2B6000F4F32 /* navigation-demo-swiftui */;
			targetProxy = 408048342F55A2B9000F4F32 /* PBXContainerItemProxy */;
		};
/* End PBXTargetDependency section */

/* Begin XCBuildConfiguration section */
		4080483B2F55A2B9000F4F32 /* Debug */ = {
			isa = XCBuildConfiguration;
			buildSettings = {
				ALWAYS_SEARCH_USER_PATHS = NO;
				ASSETCATALOG_COMPILER_GENERATE_SWIFT_ASSET_SYMBOL_EXTENSIONS = YES;
				CLANG_ANALYZER_NONNULL = YES;
				CLANG_ANALYZER_NUMBER_OBJECT_CONVERSION = YES_AGGRESSIVE;
				CLANG_CXX_LANGUAGE_STANDARD = "gnu++20";
				CLANG_ENABLE_MODULES = YES;
				CLANG_ENABLE_OBJC_ARC = YES;
				CLANG_ENABLE_OBJC_WEAK = YES;
				CLANG_WARN_BLOCK_CAPTURE_AUTORELEASING = YES;
				CLANG_WARN_BOOL_CONVERSION = YES;
				CLANG_WARN_COMMA = YES;
				CLANG_WARN_CONSTANT_CONVERSION = YES;
				CLANG_WARN_DEPRECATED_OBJC_IMPLEMENTATIONS = YES;
				CLANG_WARN_DIRECT_OBJC_ISA_USAGE = YES_ERROR;
				CLANG_WARN_DOCUMENTATION_COMMENTS = YES;
				CLANG_WARN_EMPTY_BODY = YES;
				CLANG_WARN_ENUM_CONVERSION = YES;
				CLANG_WARN_INFINITE_RECURSION = YES;
				CLANG_WARN_INT_CONVERSION = YES;
				CLANG_WARN_NON_LITERAL_NULL_CONVERSION = YES;
				CLANG_WARN_OBJC_IMPLICIT_RETAIN_SELF = YES;
				CLANG_WARN_OBJC_LITERAL_CONVERSION = YES;
				CLANG_WARN_OBJC_ROOT_CLASS = YES_ERROR;
				CLANG_WARN_QUOTED_INCLUDE_IN_FRAMEWORK_HEADER = YES;
				CLANG_WARN_RANGE_LOOP_ANALYSIS = YES;
				CLANG_WARN_STRICT_PROTOTYPES = YES;
				CLANG_WARN_SUSPICIOUS_MOVE = YES;
				CLANG_WARN_UNGUARDED_AVAILABILITY = YES_AGGRESSIVE;
				CLANG_WARN_UNREACHABLE_CODE = YES;
				CLANG_WARN__DUPLICATE_METHOD_MATCH = YES;
				COPY_PHASE_STRIP = NO;
				DEBUG_INFORMATION_FORMAT = dwarf;
				DEVELOPMENT_TEAM = JHWXUS7SF5;
				ENABLE_STRICT_OBJC_MSGSEND = YES;
				ENABLE_TESTABILITY = YES;
				ENABLE_USER_SCRIPT_SANDBOXING = YES;
				GCC_C_LANGUAGE_STANDARD = gnu17;
				GCC_DYNAMIC_NO_PIC = NO;
				GCC_NO_COMMON_BLOCKS = YES;
				GCC_OPTIMIZATION_LEVEL = 0;
				GCC_PREPROCESSOR_DEFINITIONS = (
					"DEBUG=1",
					"$(inherited)",
				);
				GCC_WARN_64_TO_32_BIT_CONVERSION = YES;
				GCC_WARN_ABOUT_RETURN_TYPE = YES_ERROR;
				GCC_WARN_UNDECLARED_SELECTOR = YES;
				GCC_WARN_UNINITIALIZED_AUTOS = YES_AGGRESSIVE;
				GCC_WARN_UNUSED_FUNCTION = YES;
				GCC_WARN_UNUSED_VARIABLE = YES;
				IPHONEOS_DEPLOYMENT_TARGET = 26.2;
				LOCALIZATION_PREFERS_STRING_CATALOGS = YES;
				MTL_ENABLE_DEBUG_INFO = INCLUDE_SOURCE;
				MTL_FAST_MATH = YES;
				ONLY_ACTIVE_ARCH = YES;
				SDKROOT = iphoneos;
				SWIFT_ACTIVE_COMPILATION_CONDITIONS = "DEBUG $(inherited)";
				SWIFT_OPTIMIZATION_LEVEL = "-Onone";
			};
			name = Debug;
		};
		4080483C2F55A2B9000F4F32 /* Release */ = {
			isa = XCBuildConfiguration;
			buildSettings = {
				ALWAYS_SEARCH_USER_PATHS = NO;
				ASSETCATALOG_COMPILER_GENERATE_SWIFT_ASSET_SYMBOL_EXTENSIONS = YES;
				CLANG_ANALYZER_NONNULL = YES;
				CLANG_ANALYZER_NUMBER_OBJECT_CONVERSION = YES_AGGRESSIVE;
				CLANG_CXX_LANGUAGE_STANDARD = "gnu++20";
				CLANG_ENABLE_MODULES = YES;
				CLANG_ENABLE_OBJC_ARC = YES;
				CLANG_ENABLE_OBJC_WEAK = YES;
				CLANG_WARN_BLOCK_CAPTURE_AUTORELEASING = YES;
				CLANG_WARN_BOOL_CONVERSION = YES;
				CLANG_WARN_COMMA = YES;
				CLANG_WARN_CONSTANT_CONVERSION = YES;
				CLANG_WARN_DEPRECATED_OBJC_IMPLEMENTATIONS = YES;
				CLANG_WARN_DIRECT_OBJC_ISA_USAGE = YES_ERROR;
				CLANG_WARN_DOCUMENTATION_COMMENTS = YES;
				CLANG_WARN_EMPTY_BODY = YES;
				CLANG_WARN_ENUM_CONVERSION = YES;
				CLANG_WARN_INFINITE_RECURSION = YES;
				CLANG_WARN_INT_CONVERSION = YES;
				CLANG_WARN_NON_LITERAL_NULL_CONVERSION = YES;
				CLANG_WARN_OBJC_IMPLICIT_RETAIN_SELF = YES;
				CLANG_WARN_OBJC_LITERAL_CONVERSION = YES;
				CLANG_WARN_OBJC_ROOT_CLASS = YES_ERROR;
				CLANG_WARN_QUOTED_INCLUDE_IN_FRAMEWORK_HEADER = YES;
				CLANG_WARN_RANGE_LOOP_ANALYSIS = YES;
				CLANG_WARN_STRICT_PROTOTYPES = YES;
				CLANG_WARN_SUSPICIOUS_MOVE = YES;
				CLANG_WARN_UNGUARDED_AVAILABILITY = YES_AGGRESSIVE;
				CLANG_WARN_UNREACHABLE_CODE = YES;
				CLANG_WARN__DUPLICATE_METHOD_MATCH = YES;
				COPY_PHASE_STRIP = NO;
				DEBUG_INFORMATION_FORMAT = "dwarf-with-dsym";
				DEVELOPMENT_TEAM = JHWXUS7SF5;
				ENABLE_NS_ASSERTIONS = NO;
				ENABLE_STRICT_OBJC_MSGSEND = YES;
				ENABLE_USER_SCRIPT_SANDBOXING = YES;
				GCC_C_LANGUAGE_STANDARD = gnu17;
				GCC_NO_COMMON_BLOCKS = YES;
				GCC_WARN_64_TO_32_BIT_CONVERSION = YES;
				GCC_WARN_ABOUT_RETURN_TYPE = YES_ERROR;
				GCC_WARN_UNDECLARED_SELECTOR = YES;
				GCC_WARN_UNINITIALIZED_AUTOS = YES_AGGRESSIVE;
				GCC_WARN_UNUSED_FUNCTION = YES;
				GCC_WARN_UNUSED_VARIABLE = YES;
				IPHONEOS_DEPLOYMENT_TARGET = 26.2;
				LOCALIZATION_PREFERS_STRING_CATALOGS = YES;
				MTL_ENABLE_DEBUG_INFO = NO;
				MTL_FAST_MATH = YES;
				SDKROOT = iphoneos;
				SWIFT_COMPILATION_MODE = wholemodule;
				VALIDATE_PRODUCT = YES;
			};
			name = Release;
		};
		4080483E2F55A2B9000F4F32 /* Debug */ = {
			isa = XCBuildConfiguration;
			buildSettings = {
				ASSETCATALOG_COMPILER_APPICON_NAME = AppIcon;
				ASSETCATALOG_COMPILER_GLOBAL_ACCENT_COLOR_NAME = AccentColor;
				CODE_SIGN_STYLE = Automatic;
				CURRENT_PROJECT_VERSION = 1;
				DEVELOPMENT_TEAM = JHWXUS7SF5;
				ENABLE_PREVIEWS = YES;
				GENERATE_INFOPLIST_FILE = YES;
				INFOPLIST_KEY_UIApplicationSceneManifest_Generation = YES;
				INFOPLIST_KEY_UIApplicationSupportsIndirectInputEvents = YES;
				INFOPLIST_KEY_UILaunchScreen_Generation = YES;
				INFOPLIST_KEY_UISupportedInterfaceOrientations_iPad = "UIInterfaceOrientationPortrait UIInterfaceOrientationPortraitUpsideDown UIInterfaceOrientationLandscapeLeft UIInterfaceOrientationLandscapeRight";
				INFOPLIST_KEY_UISupportedInterfaceOrientations_iPhone = "UIInterfaceOrientationPortrait UIInterfaceOrientationLandscapeLeft UIInterfaceOrientationLandscapeRight";
				LD_RUNPATH_SEARCH_PATHS = (
					"$(inherited)",
					"@executable_path/Frameworks",
				);
				MARKETING_VERSION = 1.0;
				PRODUCT_BUNDLE_IDENTIFIER = "hellensoloviy.navigation-demo-swiftui";
				PRODUCT_NAME = "$(TARGET_NAME)";
				STRING_CATALOG_GENERATE_SYMBOLS = YES;
				SWIFT_APPROACHABLE_CONCURRENCY = YES;
				SWIFT_DEFAULT_ACTOR_ISOLATION = MainActor;
				SWIFT_EMIT_LOC_STRINGS = YES;
				SWIFT_UPCOMING_FEATURE_MEMBER_IMPORT_VISIBILITY = YES;
				SWIFT_VERSION = 5.0;
				TARGETED_DEVICE_FAMILY = "1,2";
			};
			name = Debug;
		};
		4080483F2F55A2B9000F4F32 /* Release */ = {
			isa = XCBuildConfiguration;
			buildSettings = {
				ASSETCATALOG_COMPILER_APPICON_NAME = AppIcon;
				ASSETCATALOG_COMPILER_GLOBAL_ACCENT_COLOR_NAME = AccentColor;
				CODE_SIGN_STYLE = Automatic;
				CURRENT_PROJECT_VERSION = 1;
				DEVELOPMENT_TEAM = JHWXUS7SF5;
				ENABLE_PREVIEWS = YES;
				GENERATE_INFOPLIST_FILE = YES;
				INFOPLIST_KEY_UIApplicationSceneManifest_Generation = YES;
				INFOPLIST_KEY_UIApplicationSupportsIndirectInputEvents = YES;
				INFOPLIST_KEY_UILaunchScreen_Generation = YES;
				INFOPLIST_KEY_UISupportedInterfaceOrientations_iPad = "UIInterfaceOrientationPortrait UIInterfaceOrientationPortraitUpsideDown UIInterfaceOrientationLandscapeLeft UIInterfaceOrientationLandscapeRight";
				INFOPLIST_KEY_UISupportedInterfaceOrientations_iPhone = "UIInterfaceOrientationPortrait UIInterfaceOrientationLandscapeLeft UIInterfaceOrientationLandscapeRight";
				LD_RUNPATH_SEARCH_PATHS = (
					"$(inherited)",
					"@executable_path/Frameworks",
				);
				MARKETING_VERSION = 1.0;
				PRODUCT_BUNDLE_IDENTIFIER = "hellensoloviy.navigation-demo-swiftui";
				PRODUCT_NAME = "$(TARGET_NAME)";
				STRING_CATALOG_GENERATE_SYMBOLS = YES;
				SWIFT_APPROACHABLE_CONCURRENCY = YES;
				SWIFT_DEFAULT_ACTOR_ISOLATION = MainActor;
				SWIFT_EMIT_LOC_STRINGS = YES;
				SWIFT_UPCOMING_FEATURE_MEMBER_IMPORT_VISIBILITY = YES;
				SWIFT_VERSION = 5.0;
				TARGETED_DEVICE_FAMILY = "1,2";
			};
			name = Release;
		};
		408048412F55A2B9000F4F32 /* Debug */ = {
			isa = XCBuildConfiguration;
			buildSettings = {
				BUNDLE_LOADER = "$(TEST_HOST)";
				CODE_SIGN_STYLE = Automatic;
				CURRENT_PROJECT_VERSION = 1;
				DEVELOPMENT_TEAM = JHWXUS7SF5;
				GENERATE_INFOPLIST_FILE = YES;
				IPHONEOS_DEPLOYMENT_TARGET = 26.2;
				MARKETING_VERSION = 1.0;
				PRODUCT_BUNDLE_IDENTIFIER = "hellensoloviy.navigation-demo-swiftuiTests";
				PRODUCT_NAME = "$(TARGET_NAME)";
				STRING_CATALOG_GENERATE_SYMBOLS = NO;
				SWIFT_APPROACHABLE_CONCURRENCY = YES;
				SWIFT_EMIT_LOC_STRINGS = NO;
				SWIFT_UPCOMING_FEATURE_MEMBER_IMPORT_VISIBILITY = YES;
				SWIFT_VERSION = 5.0;
				TARGETED_DEVICE_FAMILY = "1,2";
				TEST_HOST = "$(BUILT_PRODUCTS_DIR)/navigation-demo-swiftui.app/$(BUNDLE_EXECUTABLE_FOLDER_PATH)/navigation-demo-swiftui";
			};
			name = Debug;
		};
		408048422F55A2B9000F4F32 /* Release */ = {
			isa = XCBuildConfiguration;
			buildSettings = {
				BUNDLE_LOADER = "$(TEST_HOST)";
				CODE_SIGN_STYLE = Automatic;
				CURRENT_PROJECT_VERSION = 1;
				DEVELOPMENT_TEAM = JHWXUS7SF5;
				GENERATE_INFOPLIST_FILE = YES;
				IPHONEOS_DEPLOYMENT_TARGET = 26.2;
				MARKETING_VERSION = 1.0;
				PRODUCT_BUNDLE_IDENTIFIER = "hellensoloviy.navigation-demo-swiftuiTests";
				PRODUCT_NAME = "$(TARGET_NAME)";
				STRING_CATALOG_GENERATE_SYMBOLS = NO;
				SWIFT_APPROACHABLE_CONCURRENCY = YES;
				SWIFT_EMIT_LOC_STRINGS = NO;
				SWIFT_UPCOMING_FEATURE_MEMBER_IMPORT_VISIBILITY = YES;
				SWIFT_VERSION = 5.0;
				TARGETED_DEVICE_FAMILY = "1,2";
				TEST_HOST = "$(BUILT_PRODUCTS_DIR)/navigation-demo-swiftui.app/$(BUNDLE_EXECUTABLE_FOLDER_PATH)/navigation-demo-swiftui";
			};
			name = Release;
		};
		408048442F55A2B9000F4F32 /* Debug */ = {
			isa = XCBuildConfiguration;
			buildSettings = {
				CODE_SIGN_STYLE = Automatic;
				CURRENT_PROJECT_VERSION = 1;
				DEVELOPMENT_TEAM = JHWXUS7SF5;
				GENERATE_INFOPLIST_FILE = YES;
				MARKETING_VERSION = 1.0;
				PRODUCT_BUNDLE_IDENTIFIER = "hellensoloviy.navigation-demo-swiftuiUITests";
				PRODUCT_NAME = "$(TARGET_NAME)";
				STRING_CATALOG_GENERATE_SYMBOLS = NO;
				SWIFT_APPROACHABLE_CONCURRENCY = YES;
				SWIFT_EMIT_LOC_STRINGS = NO;
				SWIFT_UPCOMING_FEATURE_MEMBER_IMPORT_VISIBILITY = YES;
				SWIFT_VERSION = 5.0;
				TARGETED_DEVICE_FAMILY = "1,2";
				TEST_TARGET_NAME = "navigation-demo-swiftui";
			};
			name = Debug;
		};
		408048452F55A2B9000F4F32 /* Release */ = {
			isa = XCBuildConfiguration;
			buildSettings = {
				CODE_SIGN_STYLE = Automatic;
				CURRENT_PROJECT_VERSION = 1;
				DEVELOPMENT_TEAM = JHWXUS7SF5;
				GENERATE_INFOPLIST_FILE = YES;
				MARKETING_VERSION = 1.0;
				PRODUCT_BUNDLE_IDENTIFIER = "hellensoloviy.navigation-demo-swiftuiUITests";
				PRODUCT_NAME = "$(TARGET_NAME)";
				STRING_CATALOG_GENERATE_SYMBOLS = NO;
				SWIFT_APPROACHABLE_CONCURRENCY = YES;
				SWIFT_EMIT_LOC_STRINGS = NO;
				SWIFT_UPCOMING_FEATURE_MEMBER_IMPORT_VISIBILITY = YES;
				SWIFT_VERSION = 5.0;
				TARGETED_DEVICE_FAMILY = "1,2";
				TEST_TARGET_NAME = "navigation-demo-swiftui";
			};
			name = Release;
		};
/* End XCBuildConfiguration section */

/* Begin XCConfigurationList section */
		408048172F55A2B6000F4F32 /* Build configuration list for PBXProject "navigation-demo-swiftui" */ = {
			isa = XCConfigurationList;
			buildConfigurations = (
				4080483B2F55A2B9000F4F32 /* Debug */,
				4080483C2F55A2B9000F4F32 /* Release */,
			);
			defaultConfigurationIsVisible = 0;
			defaultConfigurationName = Release;
		};
		4080483D2F55A2B9000F4F32 /* Build configuration list for PBXNativeTarget "navigation-demo-swiftui" */ = {
			isa = XCConfigurationList;
			buildConfigurations = (
				4080483E2F55A2B9000F4F32 /* Debug */,
				4080483F2F55A2B9000F4F32 /* Release */,
			);
			defaultConfigurationIsVisible = 0;
			defaultConfigurationName = Release;
		};
		408048402F55A2B9000F4F32 /* Build configuration list for PBXNativeTarget "navigation-demo-swiftuiTests" */ = {
			isa = XCConfigurationList;
			buildConfigurations = (
				408048412F55A2B9000F4F32 /* Debug */,
				408048422F55A2B9000F4F32 /* Release */,
			);
			defaultConfigurationIsVisible = 0;
			defaultConfigurationName = Release;
		};
		408048432F55A2B9000F4F32 /* Build configuration list for PBXNativeTarget "navigation-demo-swiftuiUITests" */ = {
			isa = XCConfigurationList;
			buildConfigurations = (
				408048442F55A2B9000F4F32 /* Debug */,
				408048452F55A2B9000F4F32 /* Release */,
			);
			defaultConfigurationIsVisible = 0;
			defaultConfigurationName = Release;
		};
/* End XCConfigurationList section */
	};
	rootObject = 408048142F55A2B6000F4F32 /* Project object */;
}
